
Microsoft Visual Studio Solution File, Format Version 12.00
# Visual Studio Version 16
VisualStudioVersion = 16.0.29123.88
MinimumVisualStudioVersion = 10.0.40219.1
Project("{FAE04EC0-301F-11D3-BF4B-00C04F79EFBC}") = "ATSED_Patient", "ATSED_Patient\ATSED_Patient.csproj", "{45533614-62E4-4011-83A3-1C2E11C5169C}"
EndProject
Global
	GlobalSection(SolutionConfigurationPlatforms) = preSolution
		Debug|Any CPU = Debug|Any CPU
		Release|Any CPU = Release|Any CPU
	EndGlobalSection
	GlobalSection(ProjectConfigurationPlatforms) = postSolution
		{45533614-62E4-4011-83A3-1C2E11C5169C}.Debug|Any CPU.ActiveCfg = Debug|Any CPU
		{45533614-62E4-4011-83A3-1C2E11C5169C}.Debug|Any CPU.Build.0 = Debug|Any CPU
		{45533614-62E4-4011-83A3-1C2E11C5169C}.Release|Any CPU.ActiveCfg = Release|Any CPU
		{45533614-62E4-4011-83A3-1C2E11C5169C}.Release|Any CPU.Build.0 = Release|Any CPU
	EndGlobalSection
	GlobalSection(SolutionProperties) = preSolution
		HideSolutionNode = FALSE
	EndGlobalSection
	GlobalSection(ExtensibilityGlobals) = postSolution
		SolutionGuid = {0A299C09-3416-4BB3-A38B-73B86B7A7359}
	EndGlobalSection
EndGlobal
